# Prisma Migrate lockfile v1

20201127105916-init
20201127113828-keystone-cki06zpfk000062uj8sl434vk
20201127120622-keystone-cki07zkl60000wquj5re6f13w
20201127121020-keystone-cki084mon00000vujhx1q6su8
20201127121156-keystone-cki086qmi00003kujbs8912di
20201127122306-keystone-cki08l3gw0000fuuj9w6k7d5m
20201127123138-keystone-cki08w2j90000siuj7machtc4
20201127123243-keystone-cki08xgro0000vruj7m4lc2yp
20201127123351-keystone-cki08yxgq0000yaujbheqfcam
20201127123830-keystone-cki094wbq00009hujhb85cwyi
20201127140535-keystone-cki0c8vxm000095ujfju0f063
20201127142110-keystone-cki0csxkn0000vwuj1g0r11wa
20201127162322-keystone-cki0h62th0000asuj2jpr2g91
20201211184126-keystone-ckikm9kan0000k8uj5qkiga0i
20201214170833-keystone-ckiot9o6r0000jiujhkvfh5pe
20201214171306-added-reservation-time-to-customer-model
20201214171343-keystone-ckiotgaze0000s3uj0gq1801r
20201214171457-keystone-ckiothwfu0000v4uj694xgrd5
20201214171640-keystone-ckiotk4300000ybuj14v0hdz8